// !$*UTF8*$!
{
	archiveVersion = 1;
	classes = {
	};
	objectVersion = 56;
	objects = {

/* Begin PBXBuildFile section */
		871073B02990B35100A0518C /* HeaderHomeView.swift in Sources */ = {isa = PBXBuildFile; fileRef = 87ABC57E29907DC2003E94F3 /* HeaderHomeView.swift */; };
		871073B22990B36500A0518C /* HeaderLogView.swift in Sources */ = {isa = PBXBuildFile; fileRef = 871073B12990B36500A0518C /* HeaderLogView.swift */; };
		871073B42990B7A600A0518C /* AllLogView.swift in Sources */ = {isa = PBXBuildFile; fileRef = 871073B32990B7A600A0518C /* AllLogView.swift */; };
		871073B92990CDBE00A0518C /* CreateUserDateManager.swift in Sources */ = {isa = PBXBuildFile; fileRef = 871073B82990CDBE00A0518C /* CreateUserDateManager.swift */; };
		872652F3297B92A8002C76D6 /* FirebaseErrorManager.swift in Sources */ = {isa = PBXBuildFile; fileRef = 872652F2297B92A8002C76D6 /* FirebaseErrorManager.swift */; };
		872652F6297BB8AB002C76D6 /* SignInViewModel.swift in Sources */ = {isa = PBXBuildFile; fileRef = 872652F5297BB8AB002C76D6 /* SignInViewModel.swift */; };
		8732B457297A4DCF0011313D /* FirebaseAnalytics in Frameworks */ = {isa = PBXBuildFile; productRef = 8732B456297A4DCF0011313D /* FirebaseAnalytics */; };
		8737FCEA297E0BDF0064E40D /* LaunchScreen.swift in Sources */ = {isa = PBXBuildFile; fileRef = 874EF933297CBB5700C94233 /* LaunchScreen.swift */; };
		8737FCEB297E0BE60064E40D /* FireStoreUserManager.swift in Sources */ = {isa = PBXBuildFile; fileRef = 874EF939297CC8B200C94233 /* FireStoreUserManager.swift */; };
		8737FCEC297E0BEA0064E40D /* User.swift in Sources */ = {isa = PBXBuildFile; fileRef = 874EF940297D08B100C94233 /* User.swift */; };
		8737FCED297E0BEC0064E40D /* UserDefaultsKey.swift in Sources */ = {isa = PBXBuildFile; fileRef = 874EF93E297D04DF00C94233 /* UserDefaultsKey.swift */; };
		8737FCEE297E0BEE0064E40D /* UserDefaultsManager.swift in Sources */ = {isa = PBXBuildFile; fileRef = 874EF93B297CFC3900C94233 /* UserDefaultsManager.swift */; };
		8737FCEF297E0BF00064E40D /* LaunchStatus.swift in Sources */ = {isa = PBXBuildFile; fileRef = 874EF935297CBD1C00C94233 /* LaunchStatus.swift */; };
		8737FCF0297E0BF70064E40D /* CreateUserViewModel.swift in Sources */ = {isa = PBXBuildFile; fileRef = 87CA8FB6297BF73800248187 /* CreateUserViewModel.swift */; };
		87391E492987A8AF00897A96 /* ShareNumberManager.swift in Sources */ = {isa = PBXBuildFile; fileRef = 87391E482987A8AF00897A96 /* ShareNumberManager.swift */; };
		87391E4A2987A8AF00897A96 /* ShareNumberManager.swift in Sources */ = {isa = PBXBuildFile; fileRef = 87391E482987A8AF00897A96 /* ShareNumberManager.swift */; };
		87391E4C298A15B600897A96 /* SettingViewModel.swift in Sources */ = {isa = PBXBuildFile; fileRef = 87391E4B298A15B600897A96 /* SettingViewModel.swift */; };
		87391E50298A189900897A96 /* String.swift in Sources */ = {isa = PBXBuildFile; fileRef = 87391E4F298A189900897A96 /* String.swift */; };
		874EF932297CB4C600C94233 /* GoogleService-Info.plist in Resources */ = {isa = PBXBuildFile; fileRef = 874EF931297CB4C600C94233 /* GoogleService-Info.plist */; };
		874EF934297CBB5700C94233 /* LaunchScreen.swift in Sources */ = {isa = PBXBuildFile; fileRef = 874EF933297CBB5700C94233 /* LaunchScreen.swift */; };
		874EF936297CBD1C00C94233 /* LaunchStatus.swift in Sources */ = {isa = PBXBuildFile; fileRef = 874EF935297CBD1C00C94233 /* LaunchStatus.swift */; };
		874EF93A297CC8B200C94233 /* FireStoreUserManager.swift in Sources */ = {isa = PBXBuildFile; fileRef = 874EF939297CC8B200C94233 /* FireStoreUserManager.swift */; };
		874EF93C297CFC3900C94233 /* UserDefaultsManager.swift in Sources */ = {isa = PBXBuildFile; fileRef = 874EF93B297CFC3900C94233 /* UserDefaultsManager.swift */; };
		874EF93F297D04DF00C94233 /* UserDefaultsKey.swift in Sources */ = {isa = PBXBuildFile; fileRef = 874EF93E297D04DF00C94233 /* UserDefaultsKey.swift */; };
		874EF941297D08B100C94233 /* User.swift in Sources */ = {isa = PBXBuildFile; fileRef = 874EF940297D08B100C94233 /* User.swift */; };
		87534ACD2981F160009671C3 /* AddPayInfoViewModelTests.swift in Sources */ = {isa = PBXBuildFile; fileRef = 87534ACC2981F160009671C3 /* AddPayInfoViewModelTests.swift */; };
		87534ACF2981F359009671C3 /* FireStorePayInfoManagerTests.swift in Sources */ = {isa = PBXBuildFile; fileRef = 87534ACE2981F359009671C3 /* FireStorePayInfoManagerTests.swift */; };
		877CB903297BE9C60005CBD1 /* FirebaseErrorManager.swift in Sources */ = {isa = PBXBuildFile; fileRef = 872652F2297B92A8002C76D6 /* FirebaseErrorManager.swift */; };
		877CB904297BE9C90005CBD1 /* SignInViewModel.swift in Sources */ = {isa = PBXBuildFile; fileRef = 872652F5297BB8AB002C76D6 /* SignInViewModel.swift */; };
		877CB906297BEB2F0005CBD1 /* SignInViewModelTests.swift in Sources */ = {isa = PBXBuildFile; fileRef = 877CB905297BEB2F0005CBD1 /* SignInViewModelTests.swift */; };
		87830E6C297A1A8300184A7C /* AuthManager.swift in Sources */ = {isa = PBXBuildFile; fileRef = 87830E6B297A1A8300184A7C /* AuthManager.swift */; };
		87830E6D297A1A8300184A7C /* AuthManager.swift in Sources */ = {isa = PBXBuildFile; fileRef = 87830E6B297A1A8300184A7C /* AuthManager.swift */; };
		87830E70297A1AB900184A7C /* SignInTests.swift in Sources */ = {isa = PBXBuildFile; fileRef = 87830E6E297A1AB900184A7C /* SignInTests.swift */; };
		87830E73297A1ACB00184A7C /* CreateUserTests.swift in Sources */ = {isa = PBXBuildFile; fileRef = 87830E71297A1ACB00184A7C /* CreateUserTests.swift */; };
		87830E74297A1B9E00184A7C /* AppDelegate.swift in Sources */ = {isa = PBXBuildFile; fileRef = 87EE8D7C297A1790005CCB6F /* AppDelegate.swift */; };
		87830E75297A1BA100184A7C /* CommonWalletApp.swift in Sources */ = {isa = PBXBuildFile; fileRef = 87EE8D49297A1369005CCB6F /* CommonWalletApp.swift */; };
		87830E78297A1C1900184A7C /* FirebaseAuth in Frameworks */ = {isa = PBXBuildFile; productRef = 87830E77297A1C1900184A7C /* FirebaseAuth */; };
		87830E7A297A1C2600184A7C /* FirebaseFirestore in Frameworks */ = {isa = PBXBuildFile; productRef = 87830E79297A1C2600184A7C /* FirebaseFirestore */; };
		87830E7B297A1C6A00184A7C /* ContentView.swift in Sources */ = {isa = PBXBuildFile; fileRef = 87EE8D4B297A1369005CCB6F /* ContentView.swift */; };
		87830E7D297A201F00184A7C /* SignInView.swift in Sources */ = {isa = PBXBuildFile; fileRef = 87830E7C297A201F00184A7C /* SignInView.swift */; };
		87830E7E297A201F00184A7C /* SignInView.swift in Sources */ = {isa = PBXBuildFile; fileRef = 87830E7C297A201F00184A7C /* SignInView.swift */; };
		87830E80297A20DB00184A7C /* CreateUserView.swift in Sources */ = {isa = PBXBuildFile; fileRef = 87830E7F297A20DB00184A7C /* CreateUserView.swift */; };
		87830E81297A20DB00184A7C /* CreateUserView.swift in Sources */ = {isa = PBXBuildFile; fileRef = 87830E7F297A20DB00184A7C /* CreateUserView.swift */; };
		878C9A952991CB2C003D4816 /* DateCompare.swift in Sources */ = {isa = PBXBuildFile; fileRef = 878C9A942991CB2C003D4816 /* DateCompare.swift */; };
		878C9A972991D3E6003D4816 /* DateFormatter.swift in Sources */ = {isa = PBXBuildFile; fileRef = 878C9A962991D3E6003D4816 /* DateFormatter.swift */; };
		879379E0298B444500D3A47B /* ConnectPartnerView.swift in Sources */ = {isa = PBXBuildFile; fileRef = 879379DF298B444500D3A47B /* ConnectPartnerView.swift */; };
		879379E2298B4C8D00D3A47B /* ChangePartnerNameView.swift in Sources */ = {isa = PBXBuildFile; fileRef = 879379E1298B4C8D00D3A47B /* ChangePartnerNameView.swift */; };
		879379E4298B53E600D3A47B /* FireStorePartnerManager.swift in Sources */ = {isa = PBXBuildFile; fileRef = 879379E3298B53E600D3A47B /* FireStorePartnerManager.swift */; };
		879379E7298B5B4E00D3A47B /* ConnectPartnerViewModel.swift in Sources */ = {isa = PBXBuildFile; fileRef = 879379E6298B5B4E00D3A47B /* ConnectPartnerViewModel.swift */; };
		879379E9298B85E300D3A47B /* AccountViewModel.swift in Sources */ = {isa = PBXBuildFile; fileRef = 879379E8298B85E300D3A47B /* AccountViewModel.swift */; };
		879379EB298B999700D3A47B /* UnConnectPartnerView.swift in Sources */ = {isa = PBXBuildFile; fileRef = 879379EA298B999700D3A47B /* UnConnectPartnerView.swift */; };
		879379ED298B99C700D3A47B /* UnConnectPartnerViewModel.swift in Sources */ = {isa = PBXBuildFile; fileRef = 879379EC298B99C700D3A47B /* UnConnectPartnerViewModel.swift */; };
		879379EF298BBDB800D3A47B /* ChangePartnerNameViewModel.swift in Sources */ = {isa = PBXBuildFile; fileRef = 879379EE298BBDB800D3A47B /* ChangePartnerNameViewModel.swift */; };
		87ABC57F29907DC2003E94F3 /* HeaderHomeView.swift in Sources */ = {isa = PBXBuildFile; fileRef = 87ABC57E29907DC2003E94F3 /* HeaderHomeView.swift */; };
		87ABC58129908B17003E94F3 /* MainTabView.swift in Sources */ = {isa = PBXBuildFile; fileRef = 87ABC58029908B17003E94F3 /* MainTabView.swift */; };
		87ABC58429908B79003E94F3 /* LogView.swift in Sources */ = {isa = PBXBuildFile; fileRef = 87ABC58329908B79003E94F3 /* LogView.swift */; };
		87ABC58829908BA1003E94F3 /* AllLogViewModel.swift in Sources */ = {isa = PBXBuildFile; fileRef = 87ABC58729908BA1003E94F3 /* AllLogViewModel.swift */; };
		87ABC58B29909BF5003E94F3 /* Parchment in Frameworks */ = {isa = PBXBuildFile; productRef = 87ABC58A29909BF5003E94F3 /* Parchment */; };
		87CA8FB7297BF73800248187 /* CreateUserViewModel.swift in Sources */ = {isa = PBXBuildFile; fileRef = 87CA8FB6297BF73800248187 /* CreateUserViewModel.swift */; };
		87CA8FB9297BF76A00248187 /* CreateUserViewModelTests.swift in Sources */ = {isa = PBXBuildFile; fileRef = 87CA8FB8297BF76A00248187 /* CreateUserViewModelTests.swift */; };
		87CDAAB2297E529F00F52887 /* CommonWalletView.swift in Sources */ = {isa = PBXBuildFile; fileRef = 87CDAAB1297E529F00F52887 /* CommonWalletView.swift */; };
		87CDAAB5297E5C8000F52887 /* CommonWalletViewModel.swift in Sources */ = {isa = PBXBuildFile; fileRef = 87CDAAB4297E5C8000F52887 /* CommonWalletViewModel.swift */; };
		87CDAAB6297E5C8000F52887 /* CommonWalletViewModel.swift in Sources */ = {isa = PBXBuildFile; fileRef = 87CDAAB4297E5C8000F52887 /* CommonWalletViewModel.swift */; };
		87CDAAB8297E608400F52887 /* SettingView.swift in Sources */ = {isa = PBXBuildFile; fileRef = 87CDAAB7297E608400F52887 /* SettingView.swift */; };
		87CDAAB9297E608400F52887 /* SettingView.swift in Sources */ = {isa = PBXBuildFile; fileRef = 87CDAAB7297E608400F52887 /* SettingView.swift */; };
		87CDAABC297E6ADB00F52887 /* AccountView.swift in Sources */ = {isa = PBXBuildFile; fileRef = 87CDAABB297E6ADB00F52887 /* AccountView.swift */; };
		87CDAABD297E6ADB00F52887 /* AccountView.swift in Sources */ = {isa = PBXBuildFile; fileRef = 87CDAABB297E6ADB00F52887 /* AccountView.swift */; };
		87CDAABF297E895400F52887 /* AddTransactionView.swift in Sources */ = {isa = PBXBuildFile; fileRef = 87CDAABE297E895400F52887 /* AddTransactionView.swift */; };
		87CDAAC0297E8CF900F52887 /* AddTransactionView.swift in Sources */ = {isa = PBXBuildFile; fileRef = 87CDAABE297E895400F52887 /* AddTransactionView.swift */; };
		87CDAAC1297E8CFC00F52887 /* CommonWalletView.swift in Sources */ = {isa = PBXBuildFile; fileRef = 87CDAAB1297E529F00F52887 /* CommonWalletView.swift */; };
		87D1A05229E23ABC0058A98F /* LogViewModel.swift in Sources */ = {isa = PBXBuildFile; fileRef = 87D1A05129E23ABC0058A98F /* LogViewModel.swift */; };
		87EE8D4A297A1369005CCB6F /* CommonWalletApp.swift in Sources */ = {isa = PBXBuildFile; fileRef = 87EE8D49297A1369005CCB6F /* CommonWalletApp.swift */; };
		87EE8D4C297A1369005CCB6F /* ContentView.swift in Sources */ = {isa = PBXBuildFile; fileRef = 87EE8D4B297A1369005CCB6F /* ContentView.swift */; };
		87EE8D4E297A136A005CCB6F /* Assets.xcassets in Resources */ = {isa = PBXBuildFile; fileRef = 87EE8D4D297A136A005CCB6F /* Assets.xcassets */; };
		87EE8D51297A136A005CCB6F /* Preview Assets.xcassets in Resources */ = {isa = PBXBuildFile; fileRef = 87EE8D50297A136A005CCB6F /* Preview Assets.xcassets */; };
		87EE8D65297A136A005CCB6F /* CommonWalletUITests.swift in Sources */ = {isa = PBXBuildFile; fileRef = 87EE8D64297A136A005CCB6F /* CommonWalletUITests.swift */; };
		87EE8D67297A136A005CCB6F /* CommonWalletUITestsLaunchTests.swift in Sources */ = {isa = PBXBuildFile; fileRef = 87EE8D66297A136A005CCB6F /* CommonWalletUITestsLaunchTests.swift */; };
		87EE8D75297A16E4005CCB6F /* FirebaseAnalytics in Frameworks */ = {isa = PBXBuildFile; productRef = 87EE8D74297A16E4005CCB6F /* FirebaseAnalytics */; };
		87EE8D77297A16E4005CCB6F /* FirebaseAuth in Frameworks */ = {isa = PBXBuildFile; productRef = 87EE8D76297A16E4005CCB6F /* FirebaseAuth */; };
		87EE8D79297A16E4005CCB6F /* FirebaseFirestore in Frameworks */ = {isa = PBXBuildFile; productRef = 87EE8D78297A16E4005CCB6F /* FirebaseFirestore */; };
		87EE8D7D297A1790005CCB6F /* AppDelegate.swift in Sources */ = {isa = PBXBuildFile; fileRef = 87EE8D7C297A1790005CCB6F /* AppDelegate.swift */; };
		87EE8D80297A1920005CCB6F /* ViewInspector in Frameworks */ = {isa = PBXBuildFile; productRef = 87EE8D7F297A1920005CCB6F /* ViewInspector */; };
		87F53FDE297E919F00293176 /* Transaction.swift in Sources */ = {isa = PBXBuildFile; fileRef = 87F53FDD297E919F00293176 /* Transaction.swift */; };
		87F53FE0297EA44E00293176 /* FireStoreTransactionManager.swift in Sources */ = {isa = PBXBuildFile; fileRef = 87F53FDF297EA44E00293176 /* FireStoreTransactionManager.swift */; };
		87F53FE1297EA44E00293176 /* FireStoreTransactionManager.swift in Sources */ = {isa = PBXBuildFile; fileRef = 87F53FDF297EA44E00293176 /* FireStoreTransactionManager.swift */; };
		87F53FE3297EA70B00293176 /* AddTransactionViewModel.swift in Sources */ = {isa = PBXBuildFile; fileRef = 87F53FE2297EA70B00293176 /* AddTransactionViewModel.swift */; };
		87F53FE4297EA70B00293176 /* AddTransactionViewModel.swift in Sources */ = {isa = PBXBuildFile; fileRef = 87F53FE2297EA70B00293176 /* AddTransactionViewModel.swift */; };
/* End PBXBuildFile section */

/* Begin PBXContainerItemProxy section */
		87EE8D57297A136A005CCB6F /* PBXContainerItemProxy */ = {
			isa = PBXContainerItemProxy;
			containerPortal = 87EE8D3E297A1369005CCB6F /* Project object */;
			proxyType = 1;
			remoteGlobalIDString = 87EE8D45297A1369005CCB6F;
			remoteInfo = CommonWallet;
		};
		87EE8D61297A136A005CCB6F /* PBXContainerItemProxy */ = {
			isa = PBXContainerItemProxy;
			containerPortal = 87EE8D3E297A1369005CCB6F /* Project object */;
			proxyType = 1;
			remoteGlobalIDString = 87EE8D45297A1369005CCB6F;
			remoteInfo = CommonWallet;
		};
/* End PBXContainerItemProxy section */

/* Begin PBXFileReference section */
		871073B12990B36500A0518C /* HeaderLogView.swift */ = {isa = PBXFileReference; lastKnownFileType = sourcecode.swift; path = HeaderLogView.swift; sourceTree = "<group>"; };
		871073B32990B7A600A0518C /* AllLogView.swift */ = {isa = PBXFileReference; lastKnownFileType = sourcecode.swift; path = AllLogView.swift; sourceTree = "<group>"; };
		871073B82990CDBE00A0518C /* CreateUserDateManager.swift */ = {isa = PBXFileReference; lastKnownFileType = sourcecode.swift; path = CreateUserDateManager.swift; sourceTree = "<group>"; };
		872652F2297B92A8002C76D6 /* FirebaseErrorManager.swift */ = {isa = PBXFileReference; lastKnownFileType = sourcecode.swift; path = FirebaseErrorManager.swift; sourceTree = "<group>"; };
		872652F5297BB8AB002C76D6 /* SignInViewModel.swift */ = {isa = PBXFileReference; lastKnownFileType = sourcecode.swift; path = SignInViewModel.swift; sourceTree = "<group>"; };
		87391E482987A8AF00897A96 /* ShareNumberManager.swift */ = {isa = PBXFileReference; lastKnownFileType = sourcecode.swift; path = ShareNumberManager.swift; sourceTree = "<group>"; };
		87391E4B298A15B600897A96 /* SettingViewModel.swift */ = {isa = PBXFileReference; lastKnownFileType = sourcecode.swift; path = SettingViewModel.swift; sourceTree = "<group>"; };
		87391E4F298A189900897A96 /* String.swift */ = {isa = PBXFileReference; lastKnownFileType = sourcecode.swift; path = String.swift; sourceTree = "<group>"; };
		874EF931297CB4C600C94233 /* GoogleService-Info.plist */ = {isa = PBXFileReference; fileEncoding = 4; lastKnownFileType = text.plist.xml; path = "GoogleService-Info.plist"; sourceTree = "<group>"; };
		874EF933297CBB5700C94233 /* LaunchScreen.swift */ = {isa = PBXFileReference; lastKnownFileType = sourcecode.swift; path = LaunchScreen.swift; sourceTree = "<group>"; };
		874EF935297CBD1C00C94233 /* LaunchStatus.swift */ = {isa = PBXFileReference; lastKnownFileType = sourcecode.swift; path = LaunchStatus.swift; sourceTree = "<group>"; };
		874EF939297CC8B200C94233 /* FireStoreUserManager.swift */ = {isa = PBXFileReference; lastKnownFileType = sourcecode.swift; path = FireStoreUserManager.swift; sourceTree = "<group>"; };
		874EF93B297CFC3900C94233 /* UserDefaultsManager.swift */ = {isa = PBXFileReference; lastKnownFileType = sourcecode.swift; path = UserDefaultsManager.swift; sourceTree = "<group>"; };
		874EF93E297D04DF00C94233 /* UserDefaultsKey.swift */ = {isa = PBXFileReference; lastKnownFileType = sourcecode.swift; path = UserDefaultsKey.swift; sourceTree = "<group>"; };
		874EF940297D08B100C94233 /* User.swift */ = {isa = PBXFileReference; lastKnownFileType = sourcecode.swift; path = User.swift; sourceTree = "<group>"; };
		87534ACC2981F160009671C3 /* AddPayInfoViewModelTests.swift */ = {isa = PBXFileReference; lastKnownFileType = sourcecode.swift; path = AddPayInfoViewModelTests.swift; sourceTree = "<group>"; };
		87534ACE2981F359009671C3 /* FireStorePayInfoManagerTests.swift */ = {isa = PBXFileReference; lastKnownFileType = sourcecode.swift; path = FireStorePayInfoManagerTests.swift; sourceTree = "<group>"; };
		877CB905297BEB2F0005CBD1 /* SignInViewModelTests.swift */ = {isa = PBXFileReference; lastKnownFileType = sourcecode.swift; path = SignInViewModelTests.swift; sourceTree = "<group>"; };
		87830E6B297A1A8300184A7C /* AuthManager.swift */ = {isa = PBXFileReference; lastKnownFileType = sourcecode.swift; path = AuthManager.swift; sourceTree = "<group>"; };
		87830E6E297A1AB900184A7C /* SignInTests.swift */ = {isa = PBXFileReference; lastKnownFileType = sourcecode.swift; path = SignInTests.swift; sourceTree = "<group>"; };
		87830E71297A1ACB00184A7C /* CreateUserTests.swift */ = {isa = PBXFileReference; lastKnownFileType = sourcecode.swift; path = CreateUserTests.swift; sourceTree = "<group>"; };
		87830E7C297A201F00184A7C /* SignInView.swift */ = {isa = PBXFileReference; lastKnownFileType = sourcecode.swift; path = SignInView.swift; sourceTree = "<group>"; };
		87830E7F297A20DB00184A7C /* CreateUserView.swift */ = {isa = PBXFileReference; lastKnownFileType = sourcecode.swift; path = CreateUserView.swift; sourceTree = "<group>"; };
		878C9A942991CB2C003D4816 /* DateCompare.swift */ = {isa = PBXFileReference; lastKnownFileType = sourcecode.swift; path = DateCompare.swift; sourceTree = "<group>"; };
		878C9A962991D3E6003D4816 /* DateFormatter.swift */ = {isa = PBXFileReference; lastKnownFileType = sourcecode.swift; path = DateFormatter.swift; sourceTree = "<group>"; };
		879379DF298B444500D3A47B /* ConnectPartnerView.swift */ = {isa = PBXFileReference; lastKnownFileType = sourcecode.swift; path = ConnectPartnerView.swift; sourceTree = "<group>"; };
		879379E1298B4C8D00D3A47B /* ChangePartnerNameView.swift */ = {isa = PBXFileReference; lastKnownFileType = sourcecode.swift; path = ChangePartnerNameView.swift; sourceTree = "<group>"; };
		879379E3298B53E600D3A47B /* FireStorePartnerManager.swift */ = {isa = PBXFileReference; lastKnownFileType = sourcecode.swift; path = FireStorePartnerManager.swift; sourceTree = "<group>"; };
		879379E6298B5B4E00D3A47B /* ConnectPartnerViewModel.swift */ = {isa = PBXFileReference; lastKnownFileType = sourcecode.swift; path = ConnectPartnerViewModel.swift; sourceTree = "<group>"; };
		879379E8298B85E300D3A47B /* AccountViewModel.swift */ = {isa = PBXFileReference; lastKnownFileType = sourcecode.swift; path = AccountViewModel.swift; sourceTree = "<group>"; };
		879379EA298B999700D3A47B /* UnConnectPartnerView.swift */ = {isa = PBXFileReference; lastKnownFileType = sourcecode.swift; path = UnConnectPartnerView.swift; sourceTree = "<group>"; };
		879379EC298B99C700D3A47B /* UnConnectPartnerViewModel.swift */ = {isa = PBXFileReference; lastKnownFileType = sourcecode.swift; path = UnConnectPartnerViewModel.swift; sourceTree = "<group>"; };
		879379EE298BBDB800D3A47B /* ChangePartnerNameViewModel.swift */ = {isa = PBXFileReference; lastKnownFileType = sourcecode.swift; path = ChangePartnerNameViewModel.swift; sourceTree = "<group>"; };
		87ABC57E29907DC2003E94F3 /* HeaderHomeView.swift */ = {isa = PBXFileReference; lastKnownFileType = sourcecode.swift; path = HeaderHomeView.swift; sourceTree = "<group>"; };
		87ABC58029908B17003E94F3 /* MainTabView.swift */ = {isa = PBXFileReference; lastKnownFileType = sourcecode.swift; path = MainTabView.swift; sourceTree = "<group>"; };
		87ABC58329908B79003E94F3 /* LogView.swift */ = {isa = PBXFileReference; lastKnownFileType = sourcecode.swift; path = LogView.swift; sourceTree = "<group>"; };
		87ABC58729908BA1003E94F3 /* AllLogViewModel.swift */ = {isa = PBXFileReference; lastKnownFileType = sourcecode.swift; path = AllLogViewModel.swift; sourceTree = "<group>"; };
		87CA8FB6297BF73800248187 /* CreateUserViewModel.swift */ = {isa = PBXFileReference; lastKnownFileType = sourcecode.swift; path = CreateUserViewModel.swift; sourceTree = "<group>"; };
		87CA8FB8297BF76A00248187 /* CreateUserViewModelTests.swift */ = {isa = PBXFileReference; lastKnownFileType = sourcecode.swift; path = CreateUserViewModelTests.swift; sourceTree = "<group>"; };
		87CDAAB1297E529F00F52887 /* CommonWalletView.swift */ = {isa = PBXFileReference; lastKnownFileType = sourcecode.swift; path = CommonWalletView.swift; sourceTree = "<group>"; };
		87CDAAB4297E5C8000F52887 /* CommonWalletViewModel.swift */ = {isa = PBXFileReference; lastKnownFileType = sourcecode.swift; path = CommonWalletViewModel.swift; sourceTree = "<group>"; };
		87CDAAB7297E608400F52887 /* SettingView.swift */ = {isa = PBXFileReference; lastKnownFileType = sourcecode.swift; path = SettingView.swift; sourceTree = "<group>"; };
		87CDAABB297E6ADB00F52887 /* AccountView.swift */ = {isa = PBXFileReference; lastKnownFileType = sourcecode.swift; path = AccountView.swift; sourceTree = "<group>"; };
		87CDAABE297E895400F52887 /* AddTransactionView.swift */ = {isa = PBXFileReference; lastKnownFileType = sourcecode.swift; path = AddTransactionView.swift; sourceTree = "<group>"; };
		87D1A05129E23ABC0058A98F /* LogViewModel.swift */ = {isa = PBXFileReference; lastKnownFileType = sourcecode.swift; path = LogViewModel.swift; sourceTree = "<group>"; };
		87EE8D46297A1369005CCB6F /* CommonWallet.app */ = {isa = PBXFileReference; explicitFileType = wrapper.application; includeInIndex = 0; path = CommonWallet.app; sourceTree = BUILT_PRODUCTS_DIR; };
		87EE8D49297A1369005CCB6F /* CommonWalletApp.swift */ = {isa = PBXFileReference; lastKnownFileType = sourcecode.swift; path = CommonWalletApp.swift; sourceTree = "<group>"; };
		87EE8D4B297A1369005CCB6F /* ContentView.swift */ = {isa = PBXFileReference; lastKnownFileType = sourcecode.swift; path = ContentView.swift; sourceTree = "<group>"; };
		87EE8D4D297A136A005CCB6F /* Assets.xcassets */ = {isa = PBXFileReference; lastKnownFileType = folder.assetcatalog; path = Assets.xcassets; sourceTree = "<group>"; };
		87EE8D50297A136A005CCB6F /* Preview Assets.xcassets */ = {isa = PBXFileReference; lastKnownFileType = folder.assetcatalog; path = "Preview Assets.xcassets"; sourceTree = "<group>"; };
		87EE8D56297A136A005CCB6F /* CommonWalletTests.xctest */ = {isa = PBXFileReference; explicitFileType = wrapper.cfbundle; includeInIndex = 0; path = CommonWalletTests.xctest; sourceTree = BUILT_PRODUCTS_DIR; };
		87EE8D60297A136A005CCB6F /* CommonWalletUITests.xctest */ = {isa = PBXFileReference; explicitFileType = wrapper.cfbundle; includeInIndex = 0; path = CommonWalletUITests.xctest; sourceTree = BUILT_PRODUCTS_DIR; };
		87EE8D64297A136A005CCB6F /* CommonWalletUITests.swift */ = {isa = PBXFileReference; lastKnownFileType = sourcecode.swift; path = CommonWalletUITests.swift; sourceTree = "<group>"; };
		87EE8D66297A136A005CCB6F /* CommonWalletUITestsLaunchTests.swift */ = {isa = PBXFileReference; lastKnownFileType = sourcecode.swift; path = CommonWalletUITestsLaunchTests.swift; sourceTree = "<group>"; };
		87EE8D7C297A1790005CCB6F /* AppDelegate.swift */ = {isa = PBXFileReference; lastKnownFileType = sourcecode.swift; path = AppDelegate.swift; sourceTree = "<group>"; };
		87F53FDD297E919F00293176 /* Transaction.swift */ = {isa = PBXFileReference; lastKnownFileType = sourcecode.swift; path = Transaction.swift; sourceTree = "<group>"; };
		87F53FDF297EA44E00293176 /* FireStoreTransactionManager.swift */ = {isa = PBXFileReference; lastKnownFileType = sourcecode.swift; path = FireStoreTransactionManager.swift; sourceTree = "<group>"; };
		87F53FE2297EA70B00293176 /* AddTransactionViewModel.swift */ = {isa = PBXFileReference; lastKnownFileType = sourcecode.swift; path = AddTransactionViewModel.swift; sourceTree = "<group>"; };
/* End PBXFileReference section */

/* Begin PBXFrameworksBuildPhase section */
		87EE8D43297A1369005CCB6F /* Frameworks */ = {
			isa = PBXFrameworksBuildPhase;
			buildActionMask = 2147483647;
			files = (
				87EE8D75297A16E4005CCB6F /* FirebaseAnalytics in Frameworks */,
				87EE8D77297A16E4005CCB6F /* FirebaseAuth in Frameworks */,
				87EE8D79297A16E4005CCB6F /* FirebaseFirestore in Frameworks */,
				87ABC58B29909BF5003E94F3 /* Parchment in Frameworks */,
			);
			runOnlyForDeploymentPostprocessing = 0;
		};
		87EE8D53297A136A005CCB6F /* Frameworks */ = {
			isa = PBXFrameworksBuildPhase;
			buildActionMask = 2147483647;
			files = (
				87EE8D80297A1920005CCB6F /* ViewInspector in Frameworks */,
				87830E78297A1C1900184A7C /* FirebaseAuth in Frameworks */,
				8732B457297A4DCF0011313D /* FirebaseAnalytics in Frameworks */,
				87830E7A297A1C2600184A7C /* FirebaseFirestore in Frameworks */,
			);
			runOnlyForDeploymentPostprocessing = 0;
		};
		87EE8D5D297A136A005CCB6F /* Frameworks */ = {
			isa = PBXFrameworksBuildPhase;
			buildActionMask = 2147483647;
			files = (
			);
			runOnlyForDeploymentPostprocessing = 0;
		};
/* End PBXFrameworksBuildPhase section */

/* Begin PBXGroup section */
		871073B72990CD1000A0518C /* Models */ = {
			isa = PBXGroup;
			children = (
				871073B82990CDBE00A0518C /* CreateUserDateManager.swift */,
				878C9A942991CB2C003D4816 /* DateCompare.swift */,
			);
			path = Models;
			sourceTree = "<group>";
		};
		874EF93D297D040000C94233 /* Extentions */ = {
			isa = PBXGroup;
			children = (
				87391E4F298A189900897A96 /* String.swift */,
				878C9A962991D3E6003D4816 /* DateFormatter.swift */,
			);
			path = Extentions;
			sourceTree = "<group>";
		};
		874EF942297D0D8100C94233 /* Entities */ = {
			isa = PBXGroup;
			children = (
				874EF940297D08B100C94233 /* User.swift */,
				87F53FDD297E919F00293176 /* Transaction.swift */,
			);
			path = Entities;
			sourceTree = "<group>";
		};
		874EF943297D0F3700C94233 /* Firebase */ = {
			isa = PBXGroup;
			children = (
				87830E6B297A1A8300184A7C /* AuthManager.swift */,
				874EF939297CC8B200C94233 /* FireStoreUserManager.swift */,
				87F53FDF297EA44E00293176 /* FireStoreTransactionManager.swift */,
				879379E3298B53E600D3A47B /* FireStorePartnerManager.swift */,
				872652F2297B92A8002C76D6 /* FirebaseErrorManager.swift */,
				87391E482987A8AF00897A96 /* ShareNumberManager.swift */,
			);
			path = Firebase;
			sourceTree = "<group>";
		};
		877CB907297BEB360005CBD1 /* Models */ = {
			isa = PBXGroup;
			children = (
				87830E6E297A1AB900184A7C /* SignInTests.swift */,
				87830E71297A1ACB00184A7C /* CreateUserTests.swift */,
				87534ACE2981F359009671C3 /* FireStorePayInfoManagerTests.swift */,
			);
			path = Models;
			sourceTree = "<group>";
		};
		877CB908297BEB420005CBD1 /* ViewModel */ = {
			isa = PBXGroup;
			children = (
				877CB905297BEB2F0005CBD1 /* SignInViewModelTests.swift */,
				87CA8FB8297BF76A00248187 /* CreateUserViewModelTests.swift */,
				87534ACC2981F160009671C3 /* AddPayInfoViewModelTests.swift */,
			);
			path = ViewModel;
			sourceTree = "<group>";
		};
		87830E6A297A1A6000184A7C /* CommonModels */ = {
			isa = PBXGroup;
			children = (
				874EF943297D0F3700C94233 /* Firebase */,
				87ABC57B29907C54003E94F3 /* General */,
				874EF942297D0D8100C94233 /* Entities */,
			);
			path = CommonModels;
			sourceTree = "<group>";
		};
		87830E76297A1C1900184A7C /* Frameworks */ = {
			isa = PBXGroup;
			children = (
			);
			name = Frameworks;
			sourceTree = "<group>";
		};
		87ABC56F299076CF003E94F3 /* Setting */ = {
			isa = PBXGroup;
			children = (
				87ABC5742990772A003E94F3 /* View */,
				87ABC5752990793C003E94F3 /* ViewModel */,
			);
			path = Setting;
			sourceTree = "<group>";
		};
		87ABC570299076D7003E94F3 /* Home */ = {
			isa = PBXGroup;
			children = (
				87ABC57229907701003E94F3 /* View */,
				87ABC57329907707003E94F3 /* ViewModels */,
			);
			path = Home;
			sourceTree = "<group>";
		};
		87ABC571299076ED003E94F3 /* Authentication */ = {
			isa = PBXGroup;
			children = (
				87ABC57729907999003E94F3 /* View */,
				87ABC57629907988003E94F3 /* ViewModel */,
			);
			path = Authentication;
			sourceTree = "<group>";
		};
		87ABC57229907701003E94F3 /* View */ = {
			isa = PBXGroup;
			children = (
				87ABC57E29907DC2003E94F3 /* HeaderHomeView.swift */,
				87CDAAB1297E529F00F52887 /* CommonWalletView.swift */,
				87CDAABE297E895400F52887 /* AddTransactionView.swift */,
			);
			path = View;
			sourceTree = "<group>";
		};
		87ABC57329907707003E94F3 /* ViewModels */ = {
			isa = PBXGroup;
			children = (
				87CDAAB4297E5C8000F52887 /* CommonWalletViewModel.swift */,
				87F53FE2297EA70B00293176 /* AddTransactionViewModel.swift */,
			);
			path = ViewModels;
			sourceTree = "<group>";
		};
		87ABC5742990772A003E94F3 /* View */ = {
			isa = PBXGroup;
			children = (
				87CDAAB7297E608400F52887 /* SettingView.swift */,
				87CDAABB297E6ADB00F52887 /* AccountView.swift */,
				879379DF298B444500D3A47B /* ConnectPartnerView.swift */,
				879379EA298B999700D3A47B /* UnConnectPartnerView.swift */,
				879379E1298B4C8D00D3A47B /* ChangePartnerNameView.swift */,
			);
			path = View;
			sourceTree = "<group>";
		};
		87ABC5752990793C003E94F3 /* ViewModel */ = {
			isa = PBXGroup;
			children = (
				87391E4B298A15B600897A96 /* SettingViewModel.swift */,
				879379E8298B85E300D3A47B /* AccountViewModel.swift */,
				879379E6298B5B4E00D3A47B /* ConnectPartnerViewModel.swift */,
				879379EC298B99C700D3A47B /* UnConnectPartnerViewModel.swift */,
				879379EE298BBDB800D3A47B /* ChangePartnerNameViewModel.swift */,
			);
			path = ViewModel;
			sourceTree = "<group>";
		};
		87ABC57629907988003E94F3 /* ViewModel */ = {
			isa = PBXGroup;
			children = (
				872652F5297BB8AB002C76D6 /* SignInViewModel.swift */,
				87CA8FB6297BF73800248187 /* CreateUserViewModel.swift */,
			);
			path = ViewModel;
			sourceTree = "<group>";
		};
		87ABC57729907999003E94F3 /* View */ = {
			isa = PBXGroup;
			children = (
				87830E7F297A20DB00184A7C /* CreateUserView.swift */,
				87830E7C297A201F00184A7C /* SignInView.swift */,
			);
			path = View;
			sourceTree = "<group>";
		};
		87ABC57829907B56003E94F3 /* Launch */ = {
			isa = PBXGroup;
			children = (
				87ABC57A29907B7C003E94F3 /* Model */,
				87ABC57929907B70003E94F3 /* View */,
			);
			path = Launch;
			sourceTree = "<group>";
		};
		87ABC57929907B70003E94F3 /* View */ = {
			isa = PBXGroup;
			children = (
				874EF933297CBB5700C94233 /* LaunchScreen.swift */,
			);
			path = View;
			sourceTree = "<group>";
		};
		87ABC57A29907B7C003E94F3 /* Model */ = {
			isa = PBXGroup;
			children = (
				874EF935297CBD1C00C94233 /* LaunchStatus.swift */,
			);
			path = Model;
			sourceTree = "<group>";
		};
		87ABC57B29907C54003E94F3 /* General */ = {
			isa = PBXGroup;
			children = (
				874EF93B297CFC3900C94233 /* UserDefaultsManager.swift */,
				874EF93E297D04DF00C94233 /* UserDefaultsKey.swift */,
			);
			path = General;
			sourceTree = "<group>";
		};
		87ABC57C29907CD3003E94F3 /* Sceans */ = {
			isa = PBXGroup;
			children = (
				87ABC57829907B56003E94F3 /* Launch */,
				87ABC571299076ED003E94F3 /* Authentication */,
				87ABC570299076D7003E94F3 /* Home */,
				87ABC58229908B65003E94F3 /* Log */,
				87ABC56F299076CF003E94F3 /* Setting */,
			);
			path = Sceans;
			sourceTree = "<group>";
		};
		87ABC57D29907DA2003E94F3 /* CommonViews */ = {
			isa = PBXGroup;
			children = (
				87ABC58029908B17003E94F3 /* MainTabView.swift */,
			);
			path = CommonViews;
			sourceTree = "<group>";
		};
		87ABC58229908B65003E94F3 /* Log */ = {
			isa = PBXGroup;
			children = (
				871073B72990CD1000A0518C /* Models */,
				87ABC58529908B7D003E94F3 /* View */,
				87ABC58629908B82003E94F3 /* ViewModels */,
			);
			path = Log;
			sourceTree = "<group>";
		};
		87ABC58529908B7D003E94F3 /* View */ = {
			isa = PBXGroup;
			children = (
				871073B12990B36500A0518C /* HeaderLogView.swift */,
				87ABC58329908B79003E94F3 /* LogView.swift */,
				871073B32990B7A600A0518C /* AllLogView.swift */,
			);
			path = View;
			sourceTree = "<group>";
		};
		87ABC58629908B82003E94F3 /* ViewModels */ = {
			isa = PBXGroup;
			children = (
				87ABC58729908BA1003E94F3 /* AllLogViewModel.swift */,
				87D1A05129E23ABC0058A98F /* LogViewModel.swift */,
			);
			path = ViewModels;
			sourceTree = "<group>";
		};
		87EE8D3D297A1369005CCB6F = {
			isa = PBXGroup;
			children = (
				87EE8D48297A1369005CCB6F /* CommonWallet */,
				87EE8D59297A136A005CCB6F /* CommonWalletTests */,
				87EE8D63297A136A005CCB6F /* CommonWalletUITests */,
				87EE8D47297A1369005CCB6F /* Products */,
				87830E76297A1C1900184A7C /* Frameworks */,
			);
			sourceTree = "<group>";
		};
		87EE8D47297A1369005CCB6F /* Products */ = {
			isa = PBXGroup;
			children = (
				87EE8D46297A1369005CCB6F /* CommonWallet.app */,
				87EE8D56297A136A005CCB6F /* CommonWalletTests.xctest */,
				87EE8D60297A136A005CCB6F /* CommonWalletUITests.xctest */,
			);
			name = Products;
			sourceTree = "<group>";
		};
		87EE8D48297A1369005CCB6F /* CommonWallet */ = {
			isa = PBXGroup;
			children = (
				874EF931297CB4C600C94233 /* GoogleService-Info.plist */,
				87EE8D49297A1369005CCB6F /* CommonWalletApp.swift */,
				87EE8D7C297A1790005CCB6F /* AppDelegate.swift */,
				87EE8D4B297A1369005CCB6F /* ContentView.swift */,
				87830E6A297A1A6000184A7C /* CommonModels */,
				87ABC57D29907DA2003E94F3 /* CommonViews */,
				87ABC57C29907CD3003E94F3 /* Sceans */,
				874EF93D297D040000C94233 /* Extentions */,
				87EE8D4D297A136A005CCB6F /* Assets.xcassets */,
				87EE8D4F297A136A005CCB6F /* Preview Content */,
			);
			path = CommonWallet;
			sourceTree = "<group>";
		};
		87EE8D4F297A136A005CCB6F /* Preview Content */ = {
			isa = PBXGroup;
			children = (
				87EE8D50297A136A005CCB6F /* Preview Assets.xcassets */,
			);
			path = "Preview Content";
			sourceTree = "<group>";
		};
		87EE8D59297A136A005CCB6F /* CommonWalletTests */ = {
			isa = PBXGroup;
			children = (
				877CB907297BEB360005CBD1 /* Models */,
				877CB908297BEB420005CBD1 /* ViewModel */,
			);
			path = CommonWalletTests;
			sourceTree = "<group>";
		};
		87EE8D63297A136A005CCB6F /* CommonWalletUITests */ = {
			isa = PBXGroup;
			children = (
				87EE8D64297A136A005CCB6F /* CommonWalletUITests.swift */,
				87EE8D66297A136A005CCB6F /* CommonWalletUITestsLaunchTests.swift */,
			);
			path = CommonWalletUITests;
			sourceTree = "<group>";
		};
/* End PBXGroup section */

/* Begin PBXNativeTarget section */
		87EE8D45297A1369005CCB6F /* CommonWallet */ = {
			isa = PBXNativeTarget;
			buildConfigurationList = 87EE8D6A297A136A005CCB6F /* Build configuration list for PBXNativeTarget "CommonWallet" */;
			buildPhases = (
				87EE8D42297A1369005CCB6F /* Sources */,
				87EE8D43297A1369005CCB6F /* Frameworks */,
				87EE8D44297A1369005CCB6F /* Resources */,
			);
			buildRules = (
			);
			dependencies = (
			);
			name = CommonWallet;
			packageProductDependencies = (
				87EE8D74297A16E4005CCB6F /* FirebaseAnalytics */,
				87EE8D76297A16E4005CCB6F /* FirebaseAuth */,
				87EE8D78297A16E4005CCB6F /* FirebaseFirestore */,
				87ABC58A29909BF5003E94F3 /* Parchment */,
			);
			productName = CommonWallet;
			productReference = 87EE8D46297A1369005CCB6F /* CommonWallet.app */;
			productType = "com.apple.product-type.application";
		};
		87EE8D55297A136A005CCB6F /* CommonWalletTests */ = {
			isa = PBXNativeTarget;
			buildConfigurationList = 87EE8D6D297A136A005CCB6F /* Build configuration list for PBXNativeTarget "CommonWalletTests" */;
			buildPhases = (
				87EE8D52297A136A005CCB6F /* Sources */,
				87EE8D53297A136A005CCB6F /* Frameworks */,
				87EE8D54297A136A005CCB6F /* Resources */,
			);
			buildRules = (
			);
			dependencies = (
				87EE8D58297A136A005CCB6F /* PBXTargetDependency */,
			);
			name = CommonWalletTests;
			packageProductDependencies = (
				87EE8D7F297A1920005CCB6F /* ViewInspector */,
				87830E77297A1C1900184A7C /* FirebaseAuth */,
				87830E79297A1C2600184A7C /* FirebaseFirestore */,
				8732B456297A4DCF0011313D /* FirebaseAnalytics */,
			);
			productName = CommonWalletTests;
			productReference = 87EE8D56297A136A005CCB6F /* CommonWalletTests.xctest */;
			productType = "com.apple.product-type.bundle.unit-test";
		};
		87EE8D5F297A136A005CCB6F /* CommonWalletUITests */ = {
			isa = PBXNativeTarget;
			buildConfigurationList = 87EE8D70297A136A005CCB6F /* Build configuration list for PBXNativeTarget "CommonWalletUITests" */;
			buildPhases = (
				87EE8D5C297A136A005CCB6F /* Sources */,
				87EE8D5D297A136A005CCB6F /* Frameworks */,
				87EE8D5E297A136A005CCB6F /* Resources */,
			);
			buildRules = (
			);
			dependencies = (
				87EE8D62297A136A005CCB6F /* PBXTargetDependency */,
			);
			name = CommonWalletUITests;
			productName = CommonWalletUITests;
			productReference = 87EE8D60297A136A005CCB6F /* CommonWalletUITests.xctest */;
			productType = "com.apple.product-type.bundle.ui-testing";
		};
/* End PBXNativeTarget section */

/* Begin PBXProject section */
		87EE8D3E297A1369005CCB6F /* Project object */ = {
			isa = PBXProject;
			attributes = {
				BuildIndependentTargetsInParallel = 1;
				LastSwiftUpdateCheck = 1420;
				LastUpgradeCheck = 1420;
				TargetAttributes = {
					87EE8D45297A1369005CCB6F = {
						CreatedOnToolsVersion = 14.2;
					};
					87EE8D55297A136A005CCB6F = {
						CreatedOnToolsVersion = 14.2;
						TestTargetID = 87EE8D45297A1369005CCB6F;
					};
					87EE8D5F297A136A005CCB6F = {
						CreatedOnToolsVersion = 14.2;
						TestTargetID = 87EE8D45297A1369005CCB6F;
					};
				};
			};
			buildConfigurationList = 87EE8D41297A1369005CCB6F /* Build configuration list for PBXProject "CommonWallet" */;
			compatibilityVersion = "Xcode 14.0";
			developmentRegion = en;
			hasScannedForEncodings = 0;
			knownRegions = (
				en,
				Base,
			);
			mainGroup = 87EE8D3D297A1369005CCB6F;
			packageReferences = (
				87EE8D73297A16E3005CCB6F /* XCRemoteSwiftPackageReference "firebase-ios-sdk" */,
				87EE8D7E297A1920005CCB6F /* XCRemoteSwiftPackageReference "ViewInspector" */,
				87ABC58929909BF5003E94F3 /* XCRemoteSwiftPackageReference "Parchment" */,
			);
			productRefGroup = 87EE8D47297A1369005CCB6F /* Products */;
			projectDirPath = "";
			projectRoot = "";
			targets = (
				87EE8D45297A1369005CCB6F /* CommonWallet */,
				87EE8D55297A136A005CCB6F /* CommonWalletTests */,
				87EE8D5F297A136A005CCB6F /* CommonWalletUITests */,
			);
		};
/* End PBXProject section */

/* Begin PBXResourcesBuildPhase section */
		87EE8D44297A1369005CCB6F /* Resources */ = {
			isa = PBXResourcesBuildPhase;
			buildActionMask = 2147483647;
			files = (
				87EE8D51297A136A005CCB6F /* Preview Assets.xcassets in Resources */,
				87EE8D4E297A136A005CCB6F /* Assets.xcassets in Resources */,
				874EF932297CB4C600C94233 /* GoogleService-Info.plist in Resources */,
			);
			runOnlyForDeploymentPostprocessing = 0;
		};
		87EE8D54297A136A005CCB6F /* Resources */ = {
			isa = PBXResourcesBuildPhase;
			buildActionMask = 2147483647;
			files = (
			);
			runOnlyForDeploymentPostprocessing = 0;
		};
		87EE8D5E297A136A005CCB6F /* Resources */ = {
			isa = PBXResourcesBuildPhase;
			buildActionMask = 2147483647;
			files = (
			);
			runOnlyForDeploymentPostprocessing = 0;
		};
/* End PBXResourcesBuildPhase section */

/* Begin PBXSourcesBuildPhase section */
		87EE8D42297A1369005CCB6F /* Sources */ = {
			isa = PBXSourcesBuildPhase;
			buildActionMask = 2147483647;
			files = (
				874EF93F297D04DF00C94233 /* UserDefaultsKey.swift in Sources */,
				87EE8D7D297A1790005CCB6F /* AppDelegate.swift in Sources */,
				874EF93A297CC8B200C94233 /* FireStoreUserManager.swift in Sources */,
				87830E80297A20DB00184A7C /* CreateUserView.swift in Sources */,
				879379E2298B4C8D00D3A47B /* ChangePartnerNameView.swift in Sources */,
				878C9A952991CB2C003D4816 /* DateCompare.swift in Sources */,
				874EF934297CBB5700C94233 /* LaunchScreen.swift in Sources */,
				87391E4C298A15B600897A96 /* SettingViewModel.swift in Sources */,
				87830E6C297A1A8300184A7C /* AuthManager.swift in Sources */,
				87CDAAB8297E608400F52887 /* SettingView.swift in Sources */,
				871073B42990B7A600A0518C /* AllLogView.swift in Sources */,
				87F53FE3297EA70B00293176 /* AddTransactionViewModel.swift in Sources */,
				874EF941297D08B100C94233 /* User.swift in Sources */,
				872652F3297B92A8002C76D6 /* FirebaseErrorManager.swift in Sources */,
				879379E7298B5B4E00D3A47B /* ConnectPartnerViewModel.swift in Sources */,
				878C9A972991D3E6003D4816 /* DateFormatter.swift in Sources */,
				87CDAAB2297E529F00F52887 /* CommonWalletView.swift in Sources */,
				87CDAAB5297E5C8000F52887 /* CommonWalletViewModel.swift in Sources */,
				879379E9298B85E300D3A47B /* AccountViewModel.swift in Sources */,
				87D1A05229E23ABC0058A98F /* LogViewModel.swift in Sources */,
				872652F6297BB8AB002C76D6 /* SignInViewModel.swift in Sources */,
				87ABC58829908BA1003E94F3 /* AllLogViewModel.swift in Sources */,
				87391E50298A189900897A96 /* String.swift in Sources */,
				87ABC57F29907DC2003E94F3 /* HeaderHomeView.swift in Sources */,
				87F53FE0297EA44E00293176 /* FireStoreTransactionManager.swift in Sources */,
				87EE8D4C297A1369005CCB6F /* ContentView.swift in Sources */,
				87CDAABC297E6ADB00F52887 /* AccountView.swift in Sources */,
				87ABC58429908B79003E94F3 /* LogView.swift in Sources */,
				879379E0298B444500D3A47B /* ConnectPartnerView.swift in Sources */,
				879379EF298BBDB800D3A47B /* ChangePartnerNameViewModel.swift in Sources */,
				879379ED298B99C700D3A47B /* UnConnectPartnerViewModel.swift in Sources */,
				87F53FDE297E919F00293176 /* Transaction.swift in Sources */,
				874EF936297CBD1C00C94233 /* LaunchStatus.swift in Sources */,
				874EF93C297CFC3900C94233 /* UserDefaultsManager.swift in Sources */,
				879379EB298B999700D3A47B /* UnConnectPartnerView.swift in Sources */,
				87CA8FB7297BF73800248187 /* CreateUserViewModel.swift in Sources */,
				871073B92990CDBE00A0518C /* CreateUserDateManager.swift in Sources */,
				87CDAABF297E895400F52887 /* AddTransactionView.swift in Sources */,
				87391E492987A8AF00897A96 /* ShareNumberManager.swift in Sources */,
				87830E7D297A201F00184A7C /* SignInView.swift in Sources */,
				87EE8D4A297A1369005CCB6F /* CommonWalletApp.swift in Sources */,
				87ABC58129908B17003E94F3 /* MainTabView.swift in Sources */,
				879379E4298B53E600D3A47B /* FireStorePartnerManager.swift in Sources */,
				871073B22990B36500A0518C /* HeaderLogView.swift in Sources */,
			);
			runOnlyForDeploymentPostprocessing = 0;
		};
		87EE8D52297A136A005CCB6F /* Sources */ = {
			isa = PBXSourcesBuildPhase;
			buildActionMask = 2147483647;
			files = (
				87534ACF2981F359009671C3 /* FireStorePayInfoManagerTests.swift in Sources */,
				8737FCF0297E0BF70064E40D /* CreateUserViewModel.swift in Sources */,
				87391E4A2987A8AF00897A96 /* ShareNumberManager.swift in Sources */,
				87F53FE4297EA70B00293176 /* AddTransactionViewModel.swift in Sources */,
				8737FCEF297E0BF00064E40D /* LaunchStatus.swift in Sources */,
				8737FCED297E0BEC0064E40D /* UserDefaultsKey.swift in Sources */,
				8737FCEB297E0BE60064E40D /* FireStoreUserManager.swift in Sources */,
				87CDAABD297E6ADB00F52887 /* AccountView.swift in Sources */,
				8737FCEE297E0BEE0064E40D /* UserDefaultsManager.swift in Sources */,
				87CDAAC1297E8CFC00F52887 /* CommonWalletView.swift in Sources */,
				8737FCEA297E0BDF0064E40D /* LaunchScreen.swift in Sources */,
				87830E70297A1AB900184A7C /* SignInTests.swift in Sources */,
				87F53FE1297EA44E00293176 /* FireStoreTransactionManager.swift in Sources */,
				87830E7B297A1C6A00184A7C /* ContentView.swift in Sources */,
				87CDAAC0297E8CF900F52887 /* AddTransactionView.swift in Sources */,
				87CDAAB6297E5C8000F52887 /* CommonWalletViewModel.swift in Sources */,
				871073B02990B35100A0518C /* HeaderHomeView.swift in Sources */,
				87830E73297A1ACB00184A7C /* CreateUserTests.swift in Sources */,
				87830E75297A1BA100184A7C /* CommonWalletApp.swift in Sources */,
				87830E74297A1B9E00184A7C /* AppDelegate.swift in Sources */,
				87830E7E297A201F00184A7C /* SignInView.swift in Sources */,
				87534ACD2981F160009671C3 /* AddPayInfoViewModelTests.swift in Sources */,
				8737FCEC297E0BEA0064E40D /* User.swift in Sources */,
				87830E81297A20DB00184A7C /* CreateUserView.swift in Sources */,
				877CB904297BE9C90005CBD1 /* SignInViewModel.swift in Sources */,
				87830E6D297A1A8300184A7C /* AuthManager.swift in Sources */,
				87CA8FB9297BF76A00248187 /* CreateUserViewModelTests.swift in Sources */,
				87CDAAB9297E608400F52887 /* SettingView.swift in Sources */,
				877CB903297BE9C60005CBD1 /* FirebaseErrorManager.swift in Sources */,
				877CB906297BEB2F0005CBD1 /* SignInViewModelTests.swift in Sources */,
			);
			runOnlyForDeploymentPostprocessing = 0;
		};
		87EE8D5C297A136A005CCB6F /* Sources */ = {
			isa = PBXSourcesBuildPhase;
			buildActionMask = 2147483647;
			files = (
				87EE8D67297A136A005CCB6F /* CommonWalletUITestsLaunchTests.swift in Sources */,
				87EE8D65297A136A005CCB6F /* CommonWalletUITests.swift in Sources */,
			);
			runOnlyForDeploymentPostprocessing = 0;
		};
/* End PBXSourcesBuildPhase section */

/* Begin PBXTargetDependency section */
		87EE8D58297A136A005CCB6F /* PBXTargetDependency */ = {
			isa = PBXTargetDependency;
			target = 87EE8D45297A1369005CCB6F /* CommonWallet */;
			targetProxy = 87EE8D57297A136A005CCB6F /* PBXContainerItemProxy */;
		};
		87EE8D62297A136A005CCB6F /* PBXTargetDependency */ = {
			isa = PBXTargetDependency;
			target = 87EE8D45297A1369005CCB6F /* CommonWallet */;
			targetProxy = 87EE8D61297A136A005CCB6F /* PBXContainerItemProxy */;
		};
/* End PBXTargetDependency section */

/* Begin XCBuildConfiguration section */
		87EE8D68297A136A005CCB6F /* Debug */ = {
			isa = XCBuildConfiguration;
			buildSettings = {
				ALWAYS_SEARCH_USER_PATHS = NO;
				CLANG_ANALYZER_NONNULL = YES;
				CLANG_ANALYZER_NUMBER_OBJECT_CONVERSION = YES_AGGRESSIVE;
				CLANG_CXX_LANGUAGE_STANDARD = "gnu++20";
				CLANG_ENABLE_MODULES = YES;
				CLANG_ENABLE_OBJC_ARC = YES;
				CLANG_ENABLE_OBJC_WEAK = YES;
				CLANG_WARN_BLOCK_CAPTURE_AUTORELEASING = YES;
				CLANG_WARN_BOOL_CONVERSION = YES;
				CLANG_WARN_COMMA = YES;
				CLANG_WARN_CONSTANT_CONVERSION = YES;
				CLANG_WARN_DEPRECATED_OBJC_IMPLEMENTATIONS = YES;
				CLANG_WARN_DIRECT_OBJC_ISA_USAGE = YES_ERROR;
				CLANG_WARN_DOCUMENTATION_COMMENTS = YES;
				CLANG_WARN_EMPTY_BODY = YES;
				CLANG_WARN_ENUM_CONVERSION = YES;
				CLANG_WARN_INFINITE_RECURSION = YES;
				CLANG_WARN_INT_CONVERSION = YES;
				CLANG_WARN_NON_LITERAL_NULL_CONVERSION = YES;
				CLANG_WARN_OBJC_IMPLICIT_RETAIN_SELF = YES;
				CLANG_WARN_OBJC_LITERAL_CONVERSION = YES;
				CLANG_WARN_OBJC_ROOT_CLASS = YES_ERROR;
				CLANG_WARN_QUOTED_INCLUDE_IN_FRAMEWORK_HEADER = YES;
				CLANG_WARN_RANGE_LOOP_ANALYSIS = YES;
				CLANG_WARN_STRICT_PROTOTYPES = YES;
				CLANG_WARN_SUSPICIOUS_MOVE = YES;
				CLANG_WARN_UNGUARDED_AVAILABILITY = YES_AGGRESSIVE;
				CLANG_WARN_UNREACHABLE_CODE = YES;
				CLANG_WARN__DUPLICATE_METHOD_MATCH = YES;
				COPY_PHASE_STRIP = NO;
				DEBUG_INFORMATION_FORMAT = dwarf;
				ENABLE_STRICT_OBJC_MSGSEND = YES;
				ENABLE_TESTABILITY = YES;
				GCC_C_LANGUAGE_STANDARD = gnu11;
				GCC_DYNAMIC_NO_PIC = NO;
				GCC_NO_COMMON_BLOCKS = YES;
				GCC_OPTIMIZATION_LEVEL = 0;
				GCC_PREPROCESSOR_DEFINITIONS = (
					"DEBUG=1",
					"$(inherited)",
				);
				GCC_WARN_64_TO_32_BIT_CONVERSION = YES;
				GCC_WARN_ABOUT_RETURN_TYPE = YES_ERROR;
				GCC_WARN_UNDECLARED_SELECTOR = YES;
				GCC_WARN_UNINITIALIZED_AUTOS = YES_AGGRESSIVE;
				GCC_WARN_UNUSED_FUNCTION = YES;
				GCC_WARN_UNUSED_VARIABLE = YES;
				IPHONEOS_DEPLOYMENT_TARGET = 16.2;
				MTL_ENABLE_DEBUG_INFO = INCLUDE_SOURCE;
				MTL_FAST_MATH = YES;
				ONLY_ACTIVE_ARCH = YES;
				SDKROOT = iphoneos;
				SWIFT_ACTIVE_COMPILATION_CONDITIONS = DEBUG;
				SWIFT_OPTIMIZATION_LEVEL = "-Onone";
			};
			name = Debug;
		};
		87EE8D69297A136A005CCB6F /* Release */ = {
			isa = XCBuildConfiguration;
			buildSettings = {
				ALWAYS_SEARCH_USER_PATHS = NO;
				CLANG_ANALYZER_NONNULL = YES;
				CLANG_ANALYZER_NUMBER_OBJECT_CONVERSION = YES_AGGRESSIVE;
				CLANG_CXX_LANGUAGE_STANDARD = "gnu++20";
				CLANG_ENABLE_MODULES = YES;
				CLANG_ENABLE_OBJC_ARC = YES;
				CLANG_ENABLE_OBJC_WEAK = YES;
				CLANG_WARN_BLOCK_CAPTURE_AUTORELEASING = YES;
				CLANG_WARN_BOOL_CONVERSION = YES;
				CLANG_WARN_COMMA = YES;
				CLANG_WARN_CONSTANT_CONVERSION = YES;
				CLANG_WARN_DEPRECATED_OBJC_IMPLEMENTATIONS = YES;
				CLANG_WARN_DIRECT_OBJC_ISA_USAGE = YES_ERROR;
				CLANG_WARN_DOCUMENTATION_COMMENTS = YES;
				CLANG_WARN_EMPTY_BODY = YES;
				CLANG_WARN_ENUM_CONVERSION = YES;
				CLANG_WARN_INFINITE_RECURSION = YES;
				CLANG_WARN_INT_CONVERSION = YES;
				CLANG_WARN_NON_LITERAL_NULL_CONVERSION = YES;
				CLANG_WARN_OBJC_IMPLICIT_RETAIN_SELF = YES;
				CLANG_WARN_OBJC_LITERAL_CONVERSION = YES;
				CLANG_WARN_OBJC_ROOT_CLASS = YES_ERROR;
				CLANG_WARN_QUOTED_INCLUDE_IN_FRAMEWORK_HEADER = YES;
				CLANG_WARN_RANGE_LOOP_ANALYSIS = YES;
				CLANG_WARN_STRICT_PROTOTYPES = YES;
				CLANG_WARN_SUSPICIOUS_MOVE = YES;
				CLANG_WARN_UNGUARDED_AVAILABILITY = YES_AGGRESSIVE;
				CLANG_WARN_UNREACHABLE_CODE = YES;
				CLANG_WARN__DUPLICATE_METHOD_MATCH = YES;
				COPY_PHASE_STRIP = NO;
				DEBUG_INFORMATION_FORMAT = "dwarf-with-dsym";
				ENABLE_NS_ASSERTIONS = NO;
				ENABLE_STRICT_OBJC_MSGSEND = YES;
				GCC_C_LANGUAGE_STANDARD = gnu11;
				GCC_NO_COMMON_BLOCKS = YES;
				GCC_WARN_64_TO_32_BIT_CONVERSION = YES;
				GCC_WARN_ABOUT_RETURN_TYPE = YES_ERROR;
				GCC_WARN_UNDECLARED_SELECTOR = YES;
				GCC_WARN_UNINITIALIZED_AUTOS = YES_AGGRESSIVE;
				GCC_WARN_UNUSED_FUNCTION = YES;
				GCC_WARN_UNUSED_VARIABLE = YES;
				IPHONEOS_DEPLOYMENT_TARGET = 16.2;
				MTL_ENABLE_DEBUG_INFO = NO;
				MTL_FAST_MATH = YES;
				SDKROOT = iphoneos;
				SWIFT_COMPILATION_MODE = wholemodule;
				SWIFT_OPTIMIZATION_LEVEL = "-O";
				VALIDATE_PRODUCT = YES;
			};
			name = Release;
		};
		87EE8D6B297A136A005CCB6F /* Debug */ = {
			isa = XCBuildConfiguration;
			buildSettings = {
				ASSETCATALOG_COMPILER_APPICON_NAME = AppIcon;
				ASSETCATALOG_COMPILER_GLOBAL_ACCENT_COLOR_NAME = AccentColor;
				CODE_SIGN_STYLE = Automatic;
				CURRENT_PROJECT_VERSION = 1;
				DEVELOPMENT_ASSET_PATHS = "\"CommonWallet/Preview Content\"";
				DEVELOPMENT_TEAM = 558ZJSQN67;
				ENABLE_PREVIEWS = YES;
				GENERATE_INFOPLIST_FILE = YES;
				INFOPLIST_KEY_UIApplicationSceneManifest_Generation = YES;
				INFOPLIST_KEY_UIApplicationSupportsIndirectInputEvents = YES;
				INFOPLIST_KEY_UILaunchScreen_Generation = YES;
				INFOPLIST_KEY_UISupportedInterfaceOrientations_iPad = "UIInterfaceOrientationPortrait UIInterfaceOrientationPortraitUpsideDown UIInterfaceOrientationLandscapeLeft UIInterfaceOrientationLandscapeRight";
				INFOPLIST_KEY_UISupportedInterfaceOrientations_iPhone = "UIInterfaceOrientationPortrait UIInterfaceOrientationLandscapeLeft UIInterfaceOrientationLandscapeRight";
				LD_RUNPATH_SEARCH_PATHS = (
					"$(inherited)",
					"@executable_path/Frameworks",
				);
				MARKETING_VERSION = 1.0;
				PRODUCT_BUNDLE_IDENTIFIER = org.tetoblog.CommonWallet;
				PRODUCT_NAME = "$(TARGET_NAME)";
				SWIFT_EMIT_LOC_STRINGS = YES;
				SWIFT_VERSION = 5.0;
				TARGETED_DEVICE_FAMILY = "1,2";
			};
			name = Debug;
		};
		87EE8D6C297A136A005CCB6F /* Release */ = {
			isa = XCBuildConfiguration;
			buildSettings = {
				ASSETCATALOG_COMPILER_APPICON_NAME = AppIcon;
				ASSETCATALOG_COMPILER_GLOBAL_ACCENT_COLOR_NAME = AccentColor;
				CODE_SIGN_STYLE = Automatic;
				CURRENT_PROJECT_VERSION = 1;
				DEVELOPMENT_ASSET_PATHS = "\"CommonWallet/Preview Content\"";
				DEVELOPMENT_TEAM = 558ZJSQN67;
				ENABLE_PREVIEWS = YES;
				GENERATE_INFOPLIST_FILE = YES;
				INFOPLIST_KEY_UIApplicationSceneManifest_Generation = YES;
				INFOPLIST_KEY_UIApplicationSupportsIndirectInputEvents = YES;
				INFOPLIST_KEY_UILaunchScreen_Generation = YES;
				INFOPLIST_KEY_UISupportedInterfaceOrientations_iPad = "UIInterfaceOrientationPortrait UIInterfaceOrientationPortraitUpsideDown UIInterfaceOrientationLandscapeLeft UIInterfaceOrientationLandscapeRight";
				INFOPLIST_KEY_UISupportedInterfaceOrientations_iPhone = "UIInterfaceOrientationPortrait UIInterfaceOrientationLandscapeLeft UIInterfaceOrientationLandscapeRight";
				LD_RUNPATH_SEARCH_PATHS = (
					"$(inherited)",
					"@executable_path/Frameworks",
				);
				MARKETING_VERSION = 1.0;
				PRODUCT_BUNDLE_IDENTIFIER = org.tetoblog.CommonWallet;
				PRODUCT_NAME = "$(TARGET_NAME)";
				SWIFT_EMIT_LOC_STRINGS = YES;
				SWIFT_VERSION = 5.0;
				TARGETED_DEVICE_FAMILY = "1,2";
			};
			name = Release;
		};
		87EE8D6E297A136A005CCB6F /* Debug */ = {
			isa = XCBuildConfiguration;
			buildSettings = {
				ALWAYS_EMBED_SWIFT_STANDARD_LIBRARIES = YES;
				BUNDLE_LOADER = "$(TEST_HOST)";
				CODE_SIGN_STYLE = Automatic;
				CURRENT_PROJECT_VERSION = 1;
				DEVELOPMENT_TEAM = 558ZJSQN67;
				GENERATE_INFOPLIST_FILE = YES;
				IPHONEOS_DEPLOYMENT_TARGET = 16.2;
				MARKETING_VERSION = 1.0;
				PRODUCT_BUNDLE_IDENTIFIER = org.tetoblog.CommonWalletTests;
				PRODUCT_NAME = "$(TARGET_NAME)";
				SWIFT_EMIT_LOC_STRINGS = NO;
				SWIFT_VERSION = 5.0;
				TARGETED_DEVICE_FAMILY = "1,2";
				TEST_HOST = "$(BUILT_PRODUCTS_DIR)/CommonWallet.app/$(BUNDLE_EXECUTABLE_FOLDER_PATH)/CommonWallet";
			};
			name = Debug;
		};
		87EE8D6F297A136A005CCB6F /* Release */ = {
			isa = XCBuildConfiguration;
			buildSettings = {
				ALWAYS_EMBED_SWIFT_STANDARD_LIBRARIES = YES;
				BUNDLE_LOADER = "$(TEST_HOST)";
				CODE_SIGN_STYLE = Automatic;
				CURRENT_PROJECT_VERSION = 1;
				DEVELOPMENT_TEAM = 558ZJSQN67;
				GENERATE_INFOPLIST_FILE = YES;
				IPHONEOS_DEPLOYMENT_TARGET = 16.2;
				MARKETING_VERSION = 1.0;
				PRODUCT_BUNDLE_IDENTIFIER = org.tetoblog.CommonWalletTests;
				PRODUCT_NAME = "$(TARGET_NAME)";
				SWIFT_EMIT_LOC_STRINGS = NO;
				SWIFT_VERSION = 5.0;
				TARGETED_DEVICE_FAMILY = "1,2";
				TEST_HOST = "$(BUILT_PRODUCTS_DIR)/CommonWallet.app/$(BUNDLE_EXECUTABLE_FOLDER_PATH)/CommonWallet";
			};
			name = Release;
		};
		87EE8D71297A136A005CCB6F /* Debug */ = {
			isa = XCBuildConfiguration;
			buildSettings = {
				ALWAYS_EMBED_SWIFT_STANDARD_LIBRARIES = YES;
				CODE_SIGN_STYLE = Automatic;
				CURRENT_PROJECT_VERSION = 1;
				DEVELOPMENT_TEAM = 558ZJSQN67;
				GENERATE_INFOPLIST_FILE = YES;
				MARKETING_VERSION = 1.0;
				PRODUCT_BUNDLE_IDENTIFIER = org.tetoblog.CommonWalletUITests;
				PRODUCT_NAME = "$(TARGET_NAME)";
				SWIFT_EMIT_LOC_STRINGS = NO;
				SWIFT_VERSION = 5.0;
				TARGETED_DEVICE_FAMILY = "1,2";
				TEST_TARGET_NAME = CommonWallet;
			};
			name = Debug;
		};
		87EE8D72297A136A005CCB6F /* Release */ = {
			isa = XCBuildConfiguration;
			buildSettings = {
				ALWAYS_EMBED_SWIFT_STANDARD_LIBRARIES = YES;
				CODE_SIGN_STYLE = Automatic;
				CURRENT_PROJECT_VERSION = 1;
				DEVELOPMENT_TEAM = 558ZJSQN67;
				GENERATE_INFOPLIST_FILE = YES;
				MARKETING_VERSION = 1.0;
				PRODUCT_BUNDLE_IDENTIFIER = org.tetoblog.CommonWalletUITests;
				PRODUCT_NAME = "$(TARGET_NAME)";
				SWIFT_EMIT_LOC_STRINGS = NO;
				SWIFT_VERSION = 5.0;
				TARGETED_DEVICE_FAMILY = "1,2";
				TEST_TARGET_NAME = CommonWallet;
			};
			name = Release;
		};
/* End XCBuildConfiguration section */

/* Begin XCConfigurationList section */
		87EE8D41297A1369005CCB6F /* Build configuration list for PBXProject "CommonWallet" */ = {
			isa = XCConfigurationList;
			buildConfigurations = (
				87EE8D68297A136A005CCB6F /* Debug */,
				87EE8D69297A136A005CCB6F /* Release */,
			);
			defaultConfigurationIsVisible = 0;
			defaultConfigurationName = Release;
		};
		87EE8D6A297A136A005CCB6F /* Build configuration list for PBXNativeTarget "CommonWallet" */ = {
			isa = XCConfigurationList;
			buildConfigurations = (
				87EE8D6B297A136A005CCB6F /* Debug */,
				87EE8D6C297A136A005CCB6F /* Release */,
			);
			defaultConfigurationIsVisible = 0;
			defaultConfigurationName = Release;
		};
		87EE8D6D297A136A005CCB6F /* Build configuration list for PBXNativeTarget "CommonWalletTests" */ = {
			isa = XCConfigurationList;
			buildConfigurations = (
				87EE8D6E297A136A005CCB6F /* Debug */,
				87EE8D6F297A136A005CCB6F /* Release */,
			);
			defaultConfigurationIsVisible = 0;
			defaultConfigurationName = Release;
		};
		87EE8D70297A136A005CCB6F /* Build configuration list for PBXNativeTarget "CommonWalletUITests" */ = {
			isa = XCConfigurationList;
			buildConfigurations = (
				87EE8D71297A136A005CCB6F /* Debug */,
				87EE8D72297A136A005CCB6F /* Release */,
			);
			defaultConfigurationIsVisible = 0;
			defaultConfigurationName = Release;
		};
/* End XCConfigurationList section */

/* Begin XCRemoteSwiftPackageReference section */
		87ABC58929909BF5003E94F3 /* XCRemoteSwiftPackageReference "Parchment" */ = {
			isa = XCRemoteSwiftPackageReference;
			repositoryURL = "https://github.com/rechsteiner/Parchment";
			requirement = {
				branch = main;
				kind = branch;
			};
		};
		87EE8D73297A16E3005CCB6F /* XCRemoteSwiftPackageReference "firebase-ios-sdk" */ = {
			isa = XCRemoteSwiftPackageReference;
			repositoryURL = "https://github.com/firebase/firebase-ios-sdk.git";
			requirement = {
				branch = master;
				kind = branch;
			};
		};
		87EE8D7E297A1920005CCB6F /* XCRemoteSwiftPackageReference "ViewInspector" */ = {
			isa = XCRemoteSwiftPackageReference;
			repositoryURL = "https://github.com/nalexn/ViewInspector";
			requirement = {
				branch = 0.9.6;
				kind = branch;
			};
		};
/* End XCRemoteSwiftPackageReference section */

/* Begin XCSwiftPackageProductDependency section */
		8732B456297A4DCF0011313D /* FirebaseAnalytics */ = {
			isa = XCSwiftPackageProductDependency;
			package = 87EE8D73297A16E3005CCB6F /* XCRemoteSwiftPackageReference "firebase-ios-sdk" */;
			productName = FirebaseAnalytics;
		};
		87830E77297A1C1900184A7C /* FirebaseAuth */ = {
			isa = XCSwiftPackageProductDependency;
			package = 87EE8D73297A16E3005CCB6F /* XCRemoteSwiftPackageReference "firebase-ios-sdk" */;
			productName = FirebaseAuth;
		};
		87830E79297A1C2600184A7C /* FirebaseFirestore */ = {
			isa = XCSwiftPackageProductDependency;
			package = 87EE8D73297A16E3005CCB6F /* XCRemoteSwiftPackageReference "firebase-ios-sdk" */;
			productName = FirebaseFirestore;
		};
		87ABC58A29909BF5003E94F3 /* Parchment */ = {
			isa = XCSwiftPackageProductDependency;
			package = 87ABC58929909BF5003E94F3 /* XCRemoteSwiftPackageReference "Parchment" */;
			productName = Parchment;
		};
		87EE8D74297A16E4005CCB6F /* FirebaseAnalytics */ = {
			isa = XCSwiftPackageProductDependency;
			package = 87EE8D73297A16E3005CCB6F /* XCRemoteSwiftPackageReference "firebase-ios-sdk" */;
			productName = FirebaseAnalytics;
		};
		87EE8D76297A16E4005CCB6F /* FirebaseAuth */ = {
			isa = XCSwiftPackageProductDependency;
			package = 87EE8D73297A16E3005CCB6F /* XCRemoteSwiftPackageReference "firebase-ios-sdk" */;
			productName = FirebaseAuth;
		};
		87EE8D78297A16E4005CCB6F /* FirebaseFirestore */ = {
			isa = XCSwiftPackageProductDependency;
			package = 87EE8D73297A16E3005CCB6F /* XCRemoteSwiftPackageReference "firebase-ios-sdk" */;
			productName = FirebaseFirestore;
		};
		87EE8D7F297A1920005CCB6F /* ViewInspector */ = {
			isa = XCSwiftPackageProductDependency;
			package = 87EE8D7E297A1920005CCB6F /* XCRemoteSwiftPackageReference "ViewInspector" */;
			productName = ViewInspector;
		};
/* End XCSwiftPackageProductDependency section */
	};
	rootObject = 87EE8D3E297A1369005CCB6F /* Project object */;
}
